
Microsoft Visual Studio Solution File, Format Version 12.00
# Visual Studio 2015
Project("{FAE04EC0-301F-11D3-BF4B-00C04F79EFBC}") = "SuvAlpha", "SuvAlpha.csproj", "{66B6B3AE-06AF-C773-31F5-B9B96A2FBD74}"
EndProject
Global
	GlobalSection(SolutionConfigurationPlatforms) = preSolution
		Debug|Any CPU = Debug|Any CPU
		Release|Any CPU = Release|Any CPU
	EndGlobalSection
	GlobalSection(ProjectConfigurationPlatforms) = postSolution
		{66B6B3AE-06AF-C773-31F5-B9B96A2FBD74}.Debug|Any CPU.ActiveCfg = Debug|Any CPU
		{66B6B3AE-06AF-C773-31F5-B9B96A2FBD74}.Debug|Any CPU.Build.0 = Debug|Any CPU
		{66B6B3AE-06AF-C773-31F5-B9B96A2FBD74}.Release|Any CPU.ActiveCfg = Release|Any CPU
		{66B6B3AE-06AF-C773-31F5-B9B96A2FBD74}.Release|Any CPU.Build.0 = Release|Any CPU
	EndGlobalSection
	GlobalSection(SolutionProperties) = preSolution
		HideSolutionNode = FALSE
	EndGlobalSection
EndGlobal
